// !$*UTF8*$!
{
	archiveVersion = 1;
	classes = {
	};
	objectVersion = 56;
	objects = {

/* Begin PBXBuildFile section */
		ACBAA9DE2B8822AF00AE9B9D /* AppDelegate.swift in Sources */ = {isa = PBXBuildFile; fileRef = ACBAA9DD2B8822AF00AE9B9D /* AppDelegate.swift */; };
		ACBAA9E02B8822AF00AE9B9D /* SceneDelegate.swift in Sources */ = {isa = PBXBuildFile; fileRef = ACBAA9DF2B8822AF00AE9B9D /* SceneDelegate.swift */; };
		ACBAA9E22B8822AF00AE9B9D /* ViewController.swift in Sources */ = {isa = PBXBuildFile; fileRef = ACBAA9E12B8822AF00AE9B9D /* ViewController.swift */; };
		ACBAA9E52B8822AF00AE9B9D /* Main.storyboard in Resources */ = {isa = PBXBuildFile; fileRef = ACBAA9E32B8822AF00AE9B9D /* Main.storyboard */; };
		ACBAA9E72B8822B300AE9B9D /* Assets.xcassets in Resources */ = {isa = PBXBuildFile; fileRef = ACBAA9E62B8822B300AE9B9D /* Assets.xcassets */; };
		ACBAA9EA2B8822B300AE9B9D /* LaunchScreen.storyboard in Resources */ = {isa = PBXBuildFile; fileRef = ACBAA9E82B8822B300AE9B9D /* LaunchScreen.storyboard */; };
		ACBAA9F52B8822B300AE9B9D /* Meus_DadosTests.swift in Sources */ = {isa = PBXBuildFile; fileRef = ACBAA9F42B8822B300AE9B9D /* Meus_DadosTests.swift */; };
		ACBAA9FF2B8822B400AE9B9D /* Meus_DadosUITests.swift in Sources */ = {isa = PBXBuildFile; fileRef = ACBAA9FE2B8822B400AE9B9D /* Meus_DadosUITests.swift */; };
		ACBAAA012B8822B400AE9B9D /* Meus_DadosUITestsLaunchTests.swift in Sources */ = {isa = PBXBuildFile; fileRef = ACBAAA002B8822B400AE9B9D /* Meus_DadosUITestsLaunchTests.swift */; };
/* End PBXBuildFile section */

/* Begin PBXContainerItemProxy section */
		ACBAA9F12B8822B300AE9B9D /* PBXContainerItemProxy */ = {
			isa = PBXContainerItemProxy;
			containerPortal = ACBAA9D22B8822AF00AE9B9D /* Project object */;
			proxyType = 1;
			remoteGlobalIDString = ACBAA9D92B8822AF00AE9B9D;
			remoteInfo = "Meus Dados";
		};
		ACBAA9FB2B8822B400AE9B9D /* PBXContainerItemProxy */ = {
			isa = PBXContainerItemProxy;
			containerPortal = ACBAA9D22B8822AF00AE9B9D /* Project object */;
			proxyType = 1;
			remoteGlobalIDString = ACBAA9D92B8822AF00AE9B9D;
			remoteInfo = "Meus Dados";
		};
/* End PBXContainerItemProxy section */

/* Begin PBXFileReference section */
		ACBAA9DA2B8822AF00AE9B9D /* Meus Dados.app */ = {isa = PBXFileReference; explicitFileType = wrapper.application; includeInIndex = 0; path = "Meus Dados.app"; sourceTree = BUILT_PRODUCTS_DIR; };
		ACBAA9DD2B8822AF00AE9B9D /* AppDelegate.swift */ = {isa = PBXFileReference; lastKnownFileType = sourcecode.swift; path = AppDelegate.swift; sourceTree = "<group>"; };
		ACBAA9DF2B8822AF00AE9B9D /* SceneDelegate.swift */ = {isa = PBXFileReference; lastKnownFileType = sourcecode.swift; path = SceneDelegate.swift; sourceTree = "<group>"; };
		ACBAA9E12B8822AF00AE9B9D /* ViewController.swift */ = {isa = PBXFileReference; lastKnownFileType = sourcecode.swift; path = ViewController.swift; sourceTree = "<group>"; };
		ACBAA9E42B8822AF00AE9B9D /* Base */ = {isa = PBXFileReference; lastKnownFileType = file.storyboard; name = Base; path = Base.lproj/Main.storyboard; sourceTree = "<group>"; };
		ACBAA9E62B8822B300AE9B9D /* Assets.xcassets */ = {isa = PBXFileReference; lastKnownFileType = folder.assetcatalog; path = Assets.xcassets; sourceTree = "<group>"; };
		ACBAA9E92B8822B300AE9B9D /* Base */ = {isa = PBXFileReference; lastKnownFileType = file.storyboard; name = Base; path = Base.lproj/LaunchScreen.storyboard; sourceTree = "<group>"; };
		ACBAA9EB2B8822B300AE9B9D /* Info.plist */ = {isa = PBXFileReference; lastKnownFileType = text.plist.xml; path = Info.plist; sourceTree = "<group>"; };
		ACBAA9F02B8822B300AE9B9D /* Meus DadosTests.xctest */ = {isa = PBXFileReference; explicitFileType = wrapper.cfbundle; includeInIndex = 0; path = "Meus DadosTests.xctest"; sourceTree = BUILT_PRODUCTS_DIR; };
		ACBAA9F42B8822B300AE9B9D /* Meus_DadosTests.swift */ = {isa = PBXFileReference; lastKnownFileType = sourcecode.swift; path = Meus_DadosTests.swift; sourceTree = "<group>"; };
		ACBAA9FA2B8822B400AE9B9D /* Meus DadosUITests.xctest */ = {isa = PBXFileReference; explicitFileType = wrapper.cfbundle; includeInIndex = 0; path = "Meus DadosUITests.xctest"; sourceTree = BUILT_PRODUCTS_DIR; };
		ACBAA9FE2B8822B400AE9B9D /* Meus_DadosUITests.swift */ = {isa = PBXFileReference; lastKnownFileType = sourcecode.swift; path = Meus_DadosUITests.swift; sourceTree = "<group>"; };
		ACBAAA002B8822B400AE9B9D /* Meus_DadosUITestsLaunchTests.swift */ = {isa = PBXFileReference; lastKnownFileType = sourcecode.swift; path = Meus_DadosUITestsLaunchTests.swift; sourceTree = "<group>"; };
/* End PBXFileReference section */

/* Begin PBXFrameworksBuildPhase section */
		ACBAA9D72B8822AF00AE9B9D /* Frameworks */ = {
			isa = PBXFrameworksBuildPhase;
			buildActionMask = 2147483647;
			files = (
			);
			runOnlyForDeploymentPostprocessing = 0;
		};
		ACBAA9ED2B8822B300AE9B9D /* Frameworks */ = {
			isa = PBXFrameworksBuildPhase;
			buildActionMask = 2147483647;
			files = (
			);
			runOnlyForDeploymentPostprocessing = 0;
		};
		ACBAA9F72B8822B400AE9B9D /* Frameworks */ = {
			isa = PBXFrameworksBuildPhase;
			buildActionMask = 2147483647;
			files = (
			);
			runOnlyForDeploymentPostprocessing = 0;
		};
/* End PBXFrameworksBuildPhase section */

/* Begin PBXGroup section */
		ACBAA9D12B8822AF00AE9B9D = {
			isa = PBXGroup;
			children = (
				ACBAA9DC2B8822AF00AE9B9D /* Meus Dados */,
				ACBAA9F32B8822B300AE9B9D /* Meus DadosTests */,
				ACBAA9FD2B8822B400AE9B9D /* Meus DadosUITests */,
				ACBAA9DB2B8822AF00AE9B9D /* Products */,
			);
			sourceTree = "<group>";
		};
		ACBAA9DB2B8822AF00AE9B9D /* Products */ = {
			isa = PBXGroup;
			children = (
				ACBAA9DA2B8822AF00AE9B9D /* Meus Dados.app */,
				ACBAA9F02B8822B300AE9B9D /* Meus DadosTests.xctest */,
				ACBAA9FA2B8822B400AE9B9D /* Meus DadosUITests.xctest */,
			);
			name = Products;
			sourceTree = "<group>";
		};
		ACBAA9DC2B8822AF00AE9B9D /* Meus Dados */ = {
			isa = PBXGroup;
			children = (
				ACBAA9DD2B8822AF00AE9B9D /* AppDelegate.swift */,
				ACBAA9DF2B8822AF00AE9B9D /* SceneDelegate.swift */,
				ACBAA9E12B8822AF00AE9B9D /* ViewController.swift */,
				ACBAA9E32B8822AF00AE9B9D /* Main.storyboard */,
				ACBAA9E62B8822B300AE9B9D /* Assets.xcassets */,
				ACBAA9E82B8822B300AE9B9D /* LaunchScreen.storyboard */,
				ACBAA9EB2B8822B300AE9B9D /* Info.plist */,
			);
			path = "Meus Dados";
			sourceTree = "<group>";
		};
		ACBAA9F32B8822B300AE9B9D /* Meus DadosTests */ = {
			isa = PBXGroup;
			children = (
				ACBAA9F42B8822B300AE9B9D /* Meus_DadosTests.swift */,
			);
			path = "Meus DadosTests";
			sourceTree = "<group>";
		};
		ACBAA9FD2B8822B400AE9B9D /* Meus DadosUITests */ = {
			isa = PBXGroup;
			children = (
				ACBAA9FE2B8822B400AE9B9D /* Meus_DadosUITests.swift */,
				ACBAAA002B8822B400AE9B9D /* Meus_DadosUITestsLaunchTests.swift */,
			);
			path = "Meus DadosUITests";
			sourceTree = "<group>";
		};
/* End PBXGroup section */

/* Begin PBXNativeTarget section */
		ACBAA9D92B8822AF00AE9B9D /* Meus Dados */ = {
			isa = PBXNativeTarget;
			buildConfigurationList = ACBAAA042B8822B400AE9B9D /* Build configuration list for PBXNativeTarget "Meus Dados" */;
			buildPhases = (
				ACBAA9D62B8822AF00AE9B9D /* Sources */,
				ACBAA9D72B8822AF00AE9B9D /* Frameworks */,
				ACBAA9D82B8822AF00AE9B9D /* Resources */,
			);
			buildRules = (
			);
			dependencies = (
			);
			name = "Meus Dados";
			productName = "Meus Dados";
			productReference = ACBAA9DA2B8822AF00AE9B9D /* Meus Dados.app */;
			productType = "com.apple.product-type.application";
		};
		ACBAA9EF2B8822B300AE9B9D /* Meus DadosTests */ = {
			isa = PBXNativeTarget;
			buildConfigurationList = ACBAAA072B8822B400AE9B9D /* Build configuration list for PBXNativeTarget "Meus DadosTests" */;
			buildPhases = (
				ACBAA9EC2B8822B300AE9B9D /* Sources */,
				ACBAA9ED2B8822B300AE9B9D /* Frameworks */,
				ACBAA9EE2B8822B300AE9B9D /* Resources */,
			);
			buildRules = (
			);
			dependencies = (
				ACBAA9F22B8822B300AE9B9D /* PBXTargetDependency */,
			);
			name = "Meus DadosTests";
			productName = "Meus DadosTests";
			productReference = ACBAA9F02B8822B300AE9B9D /* Meus DadosTests.xctest */;
			productType = "com.apple.product-type.bundle.unit-test";
		};
		ACBAA9F92B8822B400AE9B9D /* Meus DadosUITests */ = {
			isa = PBXNativeTarget;
			buildConfigurationList = ACBAAA0A2B8822B400AE9B9D /* Build configuration list for PBXNativeTarget "Meus DadosUITests" */;
			buildPhases = (
				ACBAA9F62B8822B400AE9B9D /* Sources */,
				ACBAA9F72B8822B400AE9B9D /* Frameworks */,
				ACBAA9F82B8822B400AE9B9D /* Resources */,
			);
			buildRules = (
			);
			dependencies = (
				ACBAA9FC2B8822B400AE9B9D /* PBXTargetDependency */,
			);
			name = "Meus DadosUITests";
			productName = "Meus DadosUITests";
			productReference = ACBAA9FA2B8822B400AE9B9D /* Meus DadosUITests.xctest */;
			productType = "com.apple.product-type.bundle.ui-testing";
		};
/* End PBXNativeTarget section */

/* Begin PBXProject section */
		ACBAA9D22B8822AF00AE9B9D /* Project object */ = {
			isa = PBXProject;
			attributes = {
				BuildIndependentTargetsInParallel = 1;
				LastSwiftUpdateCheck = 1430;
				LastUpgradeCheck = 1430;
				TargetAttributes = {
					ACBAA9D92B8822AF00AE9B9D = {
						CreatedOnToolsVersion = 14.3.1;
					};
					ACBAA9EF2B8822B300AE9B9D = {
						CreatedOnToolsVersion = 14.3.1;
						TestTargetID = ACBAA9D92B8822AF00AE9B9D;
					};
					ACBAA9F92B8822B400AE9B9D = {
						CreatedOnToolsVersion = 14.3.1;
						TestTargetID = ACBAA9D92B8822AF00AE9B9D;
					};
				};
			};
			buildConfigurationList = ACBAA9D52B8822AF00AE9B9D /* Build configuration list for PBXProject "Meus Dados" */;
			compatibilityVersion = "Xcode 14.0";
			developmentRegion = en;
			hasScannedForEncodings = 0;
			knownRegions = (
				en,
				Base,
			);
			mainGroup = ACBAA9D12B8822AF00AE9B9D;
			productRefGroup = ACBAA9DB2B8822AF00AE9B9D /* Products */;
			projectDirPath = "";
			projectRoot = "";
			targets = (
				ACBAA9D92B8822AF00AE9B9D /* Meus Dados */,
				ACBAA9EF2B8822B300AE9B9D /* Meus DadosTests */,
				ACBAA9F92B8822B400AE9B9D /* Meus DadosUITests */,
			);
		};
/* End PBXProject section */

/* Begin PBXResourcesBuildPhase section */
		ACBAA9D82B8822AF00AE9B9D /* Resources */ = {
			isa = PBXResourcesBuildPhase;
			buildActionMask = 2147483647;
			files = (
				ACBAA9EA2B8822B300AE9B9D /* LaunchScreen.storyboard in Resources */,
				ACBAA9E72B8822B300AE9B9D /* Assets.xcassets in Resources */,
				ACBAA9E52B8822AF00AE9B9D /* Main.storyboard in Resources */,
			);
			runOnlyForDeploymentPostprocessing = 0;
		};
		ACBAA9EE2B8822B300AE9B9D /* Resources */ = {
			isa = PBXResourcesBuildPhase;
			buildActionMask = 2147483647;
			files = (
			);
			runOnlyForDeploymentPostprocessing = 0;
		};
		ACBAA9F82B8822B400AE9B9D /* Resources */ = {
			isa = PBXResourcesBuildPhase;
			buildActionMask = 2147483647;
			files = (
			);
			runOnlyForDeploymentPostprocessing = 0;
		};
/* End PBXResourcesBuildPhase section */

/* Begin PBXSourcesBuildPhase section */
		ACBAA9D62B8822AF00AE9B9D /* Sources */ = {
			isa = PBXSourcesBuildPhase;
			buildActionMask = 2147483647;
			files = (
				ACBAA9E22B8822AF00AE9B9D /* ViewController.swift in Sources */,
				ACBAA9DE2B8822AF00AE9B9D /* AppDelegate.swift in Sources */,
				ACBAA9E02B8822AF00AE9B9D /* SceneDelegate.swift in Sources */,
			);
			runOnlyForDeploymentPostprocessing = 0;
		};
		ACBAA9EC2B8822B300AE9B9D /* Sources */ = {
			isa = PBXSourcesBuildPhase;
			buildActionMask = 2147483647;
			files = (
				ACBAA9F52B8822B300AE9B9D /* Meus_DadosTests.swift in Sources */,
			);
			runOnlyForDeploymentPostprocessing = 0;
		};
		ACBAA9F62B8822B400AE9B9D /* Sources */ = {
			isa = PBXSourcesBuildPhase;
			buildActionMask = 2147483647;
			files = (
				ACBAAA012B8822B400AE9B9D /* Meus_DadosUITestsLaunchTests.swift in Sources */,
				ACBAA9FF2B8822B400AE9B9D /* Meus_DadosUITests.swift in Sources */,
			);
			runOnlyForDeploymentPostprocessing = 0;
		};
/* End PBXSourcesBuildPhase section */

/* Begin PBXTargetDependency section */
		ACBAA9F22B8822B300AE9B9D /* PBXTargetDependency */ = {
			isa = PBXTargetDependency;
			target = ACBAA9D92B8822AF00AE9B9D /* Meus Dados */;
			targetProxy = ACBAA9F12B8822B300AE9B9D /* PBXContainerItemProxy */;
		};
		ACBAA9FC2B8822B400AE9B9D /* PBXTargetDependency */ = {
			isa = PBXTargetDependency;
			target = ACBAA9D92B8822AF00AE9B9D /* Meus Dados */;
			targetProxy = ACBAA9FB2B8822B400AE9B9D /* PBXContainerItemProxy */;
		};
/* End PBXTargetDependency section */

/* Begin PBXVariantGroup section */
		ACBAA9E32B8822AF00AE9B9D /* Main.storyboard */ = {
			isa = PBXVariantGroup;
			children = (
				ACBAA9E42B8822AF00AE9B9D /* Base */,
			);
			name = Main.storyboard;
			sourceTree = "<group>";
		};
		ACBAA9E82B8822B300AE9B9D /* LaunchScreen.storyboard */ = {
			isa = PBXVariantGroup;
			children = (
				ACBAA9E92B8822B300AE9B9D /* Base */,
			);
			name = LaunchScreen.storyboard;
			sourceTree = "<group>";
		};
/* End PBXVariantGroup section */

/* Begin XCBuildConfiguration section */
		ACBAAA022B8822B400AE9B9D /* Debug */ = {
			isa = XCBuildConfiguration;
			buildSettings = {
				ALWAYS_SEARCH_USER_PATHS = NO;
				CLANG_ANALYZER_NONNULL = YES;
				CLANG_ANALYZER_NUMBER_OBJECT_CONVERSION = YES_AGGRESSIVE;
				CLANG_CXX_LANGUAGE_STANDARD = "gnu++20";
				CLANG_ENABLE_MODULES = YES;
				CLANG_ENABLE_OBJC_ARC = YES;
				CLANG_ENABLE_OBJC_WEAK = YES;
				CLANG_WARN_BLOCK_CAPTURE_AUTORELEASING = YES;
				CLANG_WARN_BOOL_CONVERSION = YES;
				CLANG_WARN_COMMA = YES;
				CLANG_WARN_CONSTANT_CONVERSION = YES;
				CLANG_WARN_DEPRECATED_OBJC_IMPLEMENTATIONS = YES;
				CLANG_WARN_DIRECT_OBJC_ISA_USAGE = YES_ERROR;
				CLANG_WARN_DOCUMENTATION_COMMENTS = YES;
				CLANG_WARN_EMPTY_BODY = YES;
				CLANG_WARN_ENUM_CONVERSION = YES;
				CLANG_WARN_INFINITE_RECURSION = YES;
				CLANG_WARN_INT_CONVERSION = YES;
				CLANG_WARN_NON_LITERAL_NULL_CONVERSION = YES;
				CLANG_WARN_OBJC_IMPLICIT_RETAIN_SELF = YES;
				CLANG_WARN_OBJC_LITERAL_CONVERSION = YES;
				CLANG_WARN_OBJC_ROOT_CLASS = YES_ERROR;
				CLANG_WARN_QUOTED_INCLUDE_IN_FRAMEWORK_HEADER = YES;
				CLANG_WARN_RANGE_LOOP_ANALYSIS = YES;
				CLANG_WARN_STRICT_PROTOTYPES = YES;
				CLANG_WARN_SUSPICIOUS_MOVE = YES;
				CLANG_WARN_UNGUARDED_AVAILABILITY = YES_AGGRESSIVE;
				CLANG_WARN_UNREACHABLE_CODE = YES;
				CLANG_WARN__DUPLICATE_METHOD_MATCH = YES;
				COPY_PHASE_STRIP = NO;
				DEBUG_INFORMATION_FORMAT = dwarf;
				ENABLE_STRICT_OBJC_MSGSEND = YES;
				ENABLE_TESTABILITY = YES;
				GCC_C_LANGUAGE_STANDARD = gnu11;
				GCC_DYNAMIC_NO_PIC = NO;
				GCC_NO_COMMON_BLOCKS = YES;
				GCC_OPTIMIZATION_LEVEL = 0;
				GCC_PREPROCESSOR_DEFINITIONS = (
					"DEBUG=1",
					"$(inherited)",
				);
				GCC_WARN_64_TO_32_BIT_CONVERSION = YES;
				GCC_WARN_ABOUT_RETURN_TYPE = YES_ERROR;
				GCC_WARN_UNDECLARED_SELECTOR = YES;
				GCC_WARN_UNINITIALIZED_AUTOS = YES_AGGRESSIVE;
				GCC_WARN_UNUSED_FUNCTION = YES;
				GCC_WARN_UNUSED_VARIABLE = YES;
				IPHONEOS_DEPLOYMENT_TARGET = 16.4;
				MTL_ENABLE_DEBUG_INFO = INCLUDE_SOURCE;
				MTL_FAST_MATH = YES;
				ONLY_ACTIVE_ARCH = YES;
				SDKROOT = iphoneos;
				SWIFT_ACTIVE_COMPILATION_CONDITIONS = DEBUG;
				SWIFT_OPTIMIZATION_LEVEL = "-Onone";
			};
			name = Debug;
		};
		ACBAAA032B8822B400AE9B9D /* Release */ = {
			isa = XCBuildConfiguration;
			buildSettings = {
				ALWAYS_SEARCH_USER_PATHS = NO;
				CLANG_ANALYZER_NONNULL = YES;
				CLANG_ANALYZER_NUMBER_OBJECT_CONVERSION = YES_AGGRESSIVE;
				CLANG_CXX_LANGUAGE_STANDARD = "gnu++20";
				CLANG_ENABLE_MODULES = YES;
				CLANG_ENABLE_OBJC_ARC = YES;
				CLANG_ENABLE_OBJC_WEAK = YES;
				CLANG_WARN_BLOCK_CAPTURE_AUTORELEASING = YES;
				CLANG_WARN_BOOL_CONVERSION = YES;
				CLANG_WARN_COMMA = YES;
				CLANG_WARN_CONSTANT_CONVERSION = YES;
				CLANG_WARN_DEPRECATED_OBJC_IMPLEMENTATIONS = YES;
				CLANG_WARN_DIRECT_OBJC_ISA_USAGE = YES_ERROR;
				CLANG_WARN_DOCUMENTATION_COMMENTS = YES;
				CLANG_WARN_EMPTY_BODY = YES;
				CLANG_WARN_ENUM_CONVERSION = YES;
				CLANG_WARN_INFINITE_RECURSION = YES;
				CLANG_WARN_INT_CONVERSION = YES;
				CLANG_WARN_NON_LITERAL_NULL_CONVERSION = YES;
				CLANG_WARN_OBJC_IMPLICIT_RETAIN_SELF = YES;
				CLANG_WARN_OBJC_LITERAL_CONVERSION = YES;
				CLANG_WARN_OBJC_ROOT_CLASS = YES_ERROR;
				CLANG_WARN_QUOTED_INCLUDE_IN_FRAMEWORK_HEADER = YES;
				CLANG_WARN_RANGE_LOOP_ANALYSIS = YES;
				CLANG_WARN_STRICT_PROTOTYPES = YES;
				CLANG_WARN_SUSPICIOUS_MOVE = YES;
				CLANG_WARN_UNGUARDED_AVAILABILITY = YES_AGGRESSIVE;
				CLANG_WARN_UNREACHABLE_CODE = YES;
				CLANG_WARN__DUPLICATE_METHOD_MATCH = YES;
				COPY_PHASE_STRIP = NO;
				DEBUG_INFORMATION_FORMAT = "dwarf-with-dsym";
				ENABLE_NS_ASSERTIONS = NO;
				ENABLE_STRICT_OBJC_MSGSEND = YES;
				GCC_C_LANGUAGE_STANDARD = gnu11;
				GCC_NO_COMMON_BLOCKS = YES;
				GCC_WARN_64_TO_32_BIT_CONVERSION = YES;
				GCC_WARN_ABOUT_RETURN_TYPE = YES_ERROR;
				GCC_WARN_UNDECLARED_SELECTOR = YES;
				GCC_WARN_UNINITIALIZED_AUTOS = YES_AGGRESSIVE;
				GCC_WARN_UNUSED_FUNCTION = YES;
				GCC_WARN_UNUSED_VARIABLE = YES;
				IPHONEOS_DEPLOYMENT_TARGET = 16.4;
				MTL_ENABLE_DEBUG_INFO = NO;
				MTL_FAST_MATH = YES;
				SDKROOT = iphoneos;
				SWIFT_COMPILATION_MODE = wholemodule;
				SWIFT_OPTIMIZATION_LEVEL = "-O";
				VALIDATE_PRODUCT = YES;
			};
			name = Release;
		};
		ACBAAA052B8822B400AE9B9D /* Debug */ = {
			isa = XCBuildConfiguration;
			buildSettings = {
				ASSETCATALOG_COMPILER_APPICON_NAME = AppIcon;
				ASSETCATALOG_COMPILER_GLOBAL_ACCENT_COLOR_NAME = AccentColor;
				CODE_SIGN_STYLE = Automatic;
				CURRENT_PROJECT_VERSION = 1;
				GENERATE_INFOPLIST_FILE = YES;
				INFOPLIST_FILE = "Meus Dados/Info.plist";
				INFOPLIST_KEY_UIApplicationSupportsIndirectInputEvents = YES;
				INFOPLIST_KEY_UILaunchStoryboardName = LaunchScreen;
				INFOPLIST_KEY_UIMainStoryboardFile = Main;
				INFOPLIST_KEY_UISupportedInterfaceOrientations_iPad = "UIInterfaceOrientationPortrait UIInterfaceOrientationPortraitUpsideDown UIInterfaceOrientationLandscapeLeft UIInterfaceOrientationLandscapeRight";
				INFOPLIST_KEY_UISupportedInterfaceOrientations_iPhone = "UIInterfaceOrientationPortrait UIInterfaceOrientationLandscapeLeft UIInterfaceOrientationLandscapeRight";
				LD_RUNPATH_SEARCH_PATHS = (
					"$(inherited)",
					"@executable_path/Frameworks",
				);
				MARKETING_VERSION = 1.0;
				PRODUCT_BUNDLE_IDENTIFIER = "br.com.fiap.Meus-Dados";
				PRODUCT_NAME = "$(TARGET_NAME)";
				SWIFT_EMIT_LOC_STRINGS = YES;
				SWIFT_VERSION = 5.0;
				TARGETED_DEVICE_FAMILY = "1,2";
			};
			name = Debug;
		};
		ACBAAA062B8822B400AE9B9D /* Release */ = {
			isa = XCBuildConfiguration;
			buildSettings = {
				ASSETCATALOG_COMPILER_APPICON_NAME = AppIcon;
				ASSETCATALOG_COMPILER_GLOBAL_ACCENT_COLOR_NAME = AccentColor;
				CODE_SIGN_STYLE = Automatic;
				CURRENT_PROJECT_VERSION = 1;
				GENERATE_INFOPLIST_FILE = YES;
				INFOPLIST_FILE = "Meus Dados/Info.plist";
				INFOPLIST_KEY_UIApplicationSupportsIndirectInputEvents = YES;
				INFOPLIST_KEY_UILaunchStoryboardName = LaunchScreen;
				INFOPLIST_KEY_UIMainStoryboardFile = Main;
				INFOPLIST_KEY_UISupportedInterfaceOrientations_iPad = "UIInterfaceOrientationPortrait UIInterfaceOrientationPortraitUpsideDown UIInterfaceOrientationLandscapeLeft UIInterfaceOrientationLandscapeRight";
				INFOPLIST_KEY_UISupportedInterfaceOrientations_iPhone = "UIInterfaceOrientationPortrait UIInterfaceOrientationLandscapeLeft UIInterfaceOrientationLandscapeRight";
				LD_RUNPATH_SEARCH_PATHS = (
					"$(inherited)",
					"@executable_path/Frameworks",
				);
				MARKETING_VERSION = 1.0;
				PRODUCT_BUNDLE_IDENTIFIER = "br.com.fiap.Meus-Dados";
				PRODUCT_NAME = "$(TARGET_NAME)";
				SWIFT_EMIT_LOC_STRINGS = YES;
				SWIFT_VERSION = 5.0;
				TARGETED_DEVICE_FAMILY = "1,2";
			};
			name = Release;
		};
		ACBAAA082B8822B400AE9B9D /* Debug */ = {
			isa = XCBuildConfiguration;
			buildSettings = {
				ALWAYS_EMBED_SWIFT_STANDARD_LIBRARIES = YES;
				BUNDLE_LOADER = "$(TEST_HOST)";
				CODE_SIGN_STYLE = Automatic;
				CURRENT_PROJECT_VERSION = 1;
				GENERATE_INFOPLIST_FILE = YES;
				IPHONEOS_DEPLOYMENT_TARGET = 16.4;
				MARKETING_VERSION = 1.0;
				PRODUCT_BUNDLE_IDENTIFIER = "br.com.fiap.Meus-DadosTests";
				PRODUCT_NAME = "$(TARGET_NAME)";
				SWIFT_EMIT_LOC_STRINGS = NO;
				SWIFT_VERSION = 5.0;
				TARGETED_DEVICE_FAMILY = "1,2";
				TEST_HOST = "$(BUILT_PRODUCTS_DIR)/Meus Dados.app/$(BUNDLE_EXECUTABLE_FOLDER_PATH)/Meus Dados";
			};
			name = Debug;
		};
		ACBAAA092B8822B400AE9B9D /* Release */ = {
			isa = XCBuildConfiguration;
			buildSettings = {
				ALWAYS_EMBED_SWIFT_STANDARD_LIBRARIES = YES;
				BUNDLE_LOADER = "$(TEST_HOST)";
				CODE_SIGN_STYLE = Automatic;
				CURRENT_PROJECT_VERSION = 1;
				GENERATE_INFOPLIST_FILE = YES;
				IPHONEOS_DEPLOYMENT_TARGET = 16.4;
				MARKETING_VERSION = 1.0;
				PRODUCT_BUNDLE_IDENTIFIER = "br.com.fiap.Meus-DadosTests";
				PRODUCT_NAME = "$(TARGET_NAME)";
				SWIFT_EMIT_LOC_STRINGS = NO;
				SWIFT_VERSION = 5.0;
				TARGETED_DEVICE_FAMILY = "1,2";
				TEST_HOST = "$(BUILT_PRODUCTS_DIR)/Meus Dados.app/$(BUNDLE_EXECUTABLE_FOLDER_PATH)/Meus Dados";
			};
			name = Release;
		};
		ACBAAA0B2B8822B400AE9B9D /* Debug */ = {
			isa = XCBuildConfiguration;
			buildSettings = {
				ALWAYS_EMBED_SWIFT_STANDARD_LIBRARIES = YES;
				CODE_SIGN_STYLE = Automatic;
				CURRENT_PROJECT_VERSION = 1;
				GENERATE_INFOPLIST_FILE = YES;
				MARKETING_VERSION = 1.0;
				PRODUCT_BUNDLE_IDENTIFIER = "br.com.fiap.Meus-DadosUITests";
				PRODUCT_NAME = "$(TARGET_NAME)";
				SWIFT_EMIT_LOC_STRINGS = NO;
				SWIFT_VERSION = 5.0;
				TARGETED_DEVICE_FAMILY = "1,2";
				TEST_TARGET_NAME = "Meus Dados";
			};
			name = Debug;
		};
		ACBAAA0C2B8822B400AE9B9D /* Release */ = {
			isa = XCBuildConfiguration;
			buildSettings = {
				ALWAYS_EMBED_SWIFT_STANDARD_LIBRARIES = YES;
				CODE_SIGN_STYLE = Automatic;
				CURRENT_PROJECT_VERSION = 1;
				GENERATE_INFOPLIST_FILE = YES;
				MARKETING_VERSION = 1.0;
				PRODUCT_BUNDLE_IDENTIFIER = "br.com.fiap.Meus-DadosUITests";
				PRODUCT_NAME = "$(TARGET_NAME)";
				SWIFT_EMIT_LOC_STRINGS = NO;
				SWIFT_VERSION = 5.0;
				TARGETED_DEVICE_FAMILY = "1,2";
				TEST_TARGET_NAME = "Meus Dados";
			};
			name = Release;
		};
/* End XCBuildConfiguration section */

/* Begin XCConfigurationList section */
		ACBAA9D52B8822AF00AE9B9D /* Build configuration list for PBXProject "Meus Dados" */ = {
			isa = XCConfigurationList;
			buildConfigurations = (
				ACBAAA022B8822B400AE9B9D /* Debug */,
				ACBAAA032B8822B400AE9B9D /* Release */,
			);
			defaultConfigurationIsVisible = 0;
			defaultConfigurationName = Release;
		};
		ACBAAA042B8822B400AE9B9D /* Build configuration list for PBXNativeTarget "Meus Dados" */ = {
			isa = XCConfigurationList;
			buildConfigurations = (
				ACBAAA052B8822B400AE9B9D /* Debug */,
				ACBAAA062B8822B400AE9B9D /* Release */,
			);
			defaultConfigurationIsVisible = 0;
			defaultConfigurationName = Release;
		};
		ACBAAA072B8822B400AE9B9D /* Build configuration list for PBXNativeTarget "Meus DadosTests" */ = {
			isa = XCConfigurationList;
			buildConfigurations = (
				ACBAAA082B8822B400AE9B9D /* Debug */,
				ACBAAA092B8822B400AE9B9D /* Release */,
			);
			defaultConfigurationIsVisible = 0;
			defaultConfigurationName = Release;
		};
		ACBAAA0A2B8822B400AE9B9D /* Build configuration list for PBXNativeTarget "Meus DadosUITests" */ = {
			isa = XCConfigurationList;
			buildConfigurations = (
				ACBAAA0B2B8822B400AE9B9D /* Debug */,
				ACBAAA0C2B8822B400AE9B9D /* Release */,
			);
			defaultConfigurationIsVisible = 0;
			defaultConfigurationName = Release;
		};
/* End XCConfigurationList section */
	};
	rootObject = ACBAA9D22B8822AF00AE9B9D /* Project object */;
}
